
Microsoft Visual Studio Solution File, Format Version 12.00
# Visual Studio Version 17
VisualStudioVersion = 17.9.34616.47
MinimumVisualStudioVersion = 10.0.40219.1
Project("{9A19103F-16F7-4668-BE54-9A1E7A4F7556}") = "API", "API\API.csproj", "{9DD92BC3-365E-4C84-A563-1937AB66C30B}"
	ProjectSection(ProjectDependencies) = postProject
		{30CAE97C-009E-44F4-BDCD-66BCB3124B64} = {30CAE97C-009E-44F4-BDCD-66BCB3124B64}
		{45EEF011-7752-47C4-A536-74DB98883438} = {45EEF011-7752-47C4-A536-74DB98883438}
		{6AE7CDF9-9FB3-4D81-BCE6-D70CFDE93D59} = {6AE7CDF9-9FB3-4D81-BCE6-D70CFDE93D59}
	EndProjectSection
EndProject
Project("{9A19103F-16F7-4668-BE54-9A1E7A4F7556}") = "Data", "Data\Data.csproj", "{30CAE97C-009E-44F4-BDCD-66BCB3124B64}"
EndProject
Project("{9A19103F-16F7-4668-BE54-9A1E7A4F7556}") = "Repositories", "Repositories\Repositories.csproj", "{45EEF011-7752-47C4-A536-74DB98883438}"
EndProject
Project("{9A19103F-16F7-4668-BE54-9A1E7A4F7556}") = "Services", "Services\Services.csproj", "{6AE7CDF9-9FB3-4D81-BCE6-D70CFDE93D59}"
EndProject
Project("{FAE04EC0-301F-11D3-BF4B-00C04F79EFBC}") = "UnitTests", "UnitTests\UnitTests.csproj", "{FF4EE306-6F51-4CBA-8316-57ADE37BBDB7}"
EndProject
Project("{FAE04EC0-301F-11D3-BF4B-00C04F79EFBC}") = "IntegrationTests", "IntegrationTests\IntegrationTests.csproj", "{64F5C722-AD49-4718-8112-1F1F035C344A}"
EndProject
Global
	GlobalSection(SolutionConfigurationPlatforms) = preSolution
		Debug|Any CPU = Debug|Any CPU
		Release|Any CPU = Release|Any CPU
	EndGlobalSection
	GlobalSection(ProjectConfigurationPlatforms) = postSolution
		{9DD92BC3-365E-4C84-A563-1937AB66C30B}.Debug|Any CPU.ActiveCfg = Debug|Any CPU
		{9DD92BC3-365E-4C84-A563-1937AB66C30B}.Debug|Any CPU.Build.0 = Debug|Any CPU
		{9DD92BC3-365E-4C84-A563-1937AB66C30B}.Release|Any CPU.ActiveCfg = Release|Any CPU
		{9DD92BC3-365E-4C84-A563-1937AB66C30B}.Release|Any CPU.Build.0 = Release|Any CPU
		{30CAE97C-009E-44F4-BDCD-66BCB3124B64}.Debug|Any CPU.ActiveCfg = Debug|Any CPU
		{30CAE97C-009E-44F4-BDCD-66BCB3124B64}.Debug|Any CPU.Build.0 = Debug|Any CPU
		{30CAE97C-009E-44F4-BDCD-66BCB3124B64}.Release|Any CPU.ActiveCfg = Release|Any CPU
		{30CAE97C-009E-44F4-BDCD-66BCB3124B64}.Release|Any CPU.Build.0 = Release|Any CPU
		{45EEF011-7752-47C4-A536-74DB98883438}.Debug|Any CPU.ActiveCfg = Debug|Any CPU
		{45EEF011-7752-47C4-A536-74DB98883438}.Debug|Any CPU.Build.0 = Debug|Any CPU
		{45EEF011-7752-47C4-A536-74DB98883438}.Release|Any CPU.ActiveCfg = Release|Any CPU
		{45EEF011-7752-47C4-A536-74DB98883438}.Release|Any CPU.Build.0 = Release|Any CPU
		{6AE7CDF9-9FB3-4D81-BCE6-D70CFDE93D59}.Debug|Any CPU.ActiveCfg = Debug|Any CPU
		{6AE7CDF9-9FB3-4D81-BCE6-D70CFDE93D59}.Debug|Any CPU.Build.0 = Debug|Any CPU
		{6AE7CDF9-9FB3-4D81-BCE6-D70CFDE93D59}.Release|Any CPU.ActiveCfg = Release|Any CPU
		{6AE7CDF9-9FB3-4D81-BCE6-D70CFDE93D59}.Release|Any CPU.Build.0 = Release|Any CPU
		{FF4EE306-6F51-4CBA-8316-57ADE37BBDB7}.Debug|Any CPU.ActiveCfg = Debug|Any CPU
		{FF4EE306-6F51-4CBA-8316-57ADE37BBDB7}.Debug|Any CPU.Build.0 = Debug|Any CPU
		{FF4EE306-6F51-4CBA-8316-57ADE37BBDB7}.Release|Any CPU.ActiveCfg = Release|Any CPU
		{FF4EE306-6F51-4CBA-8316-57ADE37BBDB7}.Release|Any CPU.Build.0 = Release|Any CPU
		{64F5C722-AD49-4718-8112-1F1F035C344A}.Debug|Any CPU.ActiveCfg = Debug|Any CPU
		{64F5C722-AD49-4718-8112-1F1F035C344A}.Debug|Any CPU.Build.0 = Debug|Any CPU
		{64F5C722-AD49-4718-8112-1F1F035C344A}.Release|Any CPU.ActiveCfg = Release|Any CPU
		{64F5C722-AD49-4718-8112-1F1F035C344A}.Release|Any CPU.Build.0 = Release|Any CPU
	EndGlobalSection
	GlobalSection(SolutionProperties) = preSolution
		HideSolutionNode = FALSE
	EndGlobalSection
	GlobalSection(ExtensibilityGlobals) = postSolution
		SolutionGuid = {8E43370B-EB68-43DA-A250-ECC9A028CE63}
	EndGlobalSection
EndGlobal
